# THIS IS AN AUTOGENERATED FILE. DO NOT EDIT THIS FILE DIRECTLY.
# yarn lockfile v1


"@tanstack/match-sorter-utils@^8.7.0":
  "integrity" "sha512-rKH8LjZiszWEvmi01NR72QWZ8m4xmXre0OOwlRGnjU01Eqz/QnN+cqpty2PJ0efHblq09+KilvyR7lsbzmXVEw=="
  "resolved" "https://registry.npmjs.org/@tanstack/match-sorter-utils/-/match-sorter-utils-8.8.4.tgz"
  "version" "8.8.4"
  dependencies:
    "remove-accents" "0.4.2"

"@tanstack/query-core@4.29.1":
  "integrity" "sha512-vkPewLEG8ua0efo3SsVT0BcBtkq5RZX8oPhDAyKL+k/rdOYSQTEocfGEXSaBwIwsXeOGBUpfKqI+UmHvNqdWXg=="
  "resolved" "https://registry.npmjs.org/@tanstack/query-core/-/query-core-4.29.1.tgz"
  "version" "4.29.1"

"@tanstack/react-query-devtools@^4.29.3":
  "integrity" "sha512-Ne/K9+gskn8zM4sbLWl4mq5x0ha0JIg7I078K+t6seorL6oq9Y9E30wlP4y/IVa9hgn8DHB1Q6GoPtA2iu6p2g=="
  "resolved" "https://registry.npmjs.org/@tanstack/react-query-devtools/-/react-query-devtools-4.29.3.tgz"
  "version" "4.29.3"
  dependencies:
    "@tanstack/match-sorter-utils" "^8.7.0"
    "superjson" "^1.10.0"
    "use-sync-external-store" "^1.2.0"

"@tanstack/react-query@4.29.3":
  "integrity" "sha512-FPQrMu7PbCgBcVzoRJm7WmQnAFv+LUgZM9KBZ7Vk/+yERH2BDLvQRuAgczQd5Tb1s3HbOktECRDaOkUxdyBAjw=="
  "resolved" "https://registry.npmjs.org/@tanstack/react-query/-/react-query-4.29.3.tgz"
  "version" "4.29.3"
  dependencies:
    "@tanstack/query-core" "4.29.1"
    "use-sync-external-store" "^1.2.0"

"@tanstack/react-table@^8.8.5":
  "integrity" "sha512-g/t21E/ICHvaCOJOhsDNr5QaB/6aDQEHFbx/YliwwU/CJThMqG+dS28vnToIBV/5MBgpeXoGRi2waDJVJlZrtg=="
  "resolved" "https://registry.npmjs.org/@tanstack/react-table/-/react-table-8.8.5.tgz"
  "version" "8.8.5"
  dependencies:
    "@tanstack/table-core" "8.8.5"

"@tanstack/table-core@8.8.5":
  "integrity" "sha512-Xnwa1qxpgvSW7ozLiexmKp2PIYcLBiY/IizbdGriYCL6OOHuZ9baRhrrH51zjyz+61ly6K59rmt6AI/3RR+97Q=="
  "resolved" "https://registry.npmjs.org/@tanstack/table-core/-/table-core-8.8.5.tgz"
  "version" "8.8.5"

"copy-anything@^3.0.2":
  "integrity" "sha512-fpW2W/BqEzqPp29QS+MwwfisHCQZtiduTe/m8idFo0xbti9fIZ2WVhAsCv4ggFVH3AgCkVdpoOCtQC6gBrdhjw=="
  "resolved" "https://registry.npmjs.org/copy-anything/-/copy-anything-3.0.3.tgz"
  "version" "3.0.3"
  dependencies:
    "is-what" "^4.1.8"

"is-what@^4.1.8":
  "integrity" "sha512-yq8gMao5upkPoGEU9LsB2P+K3Kt8Q3fQFCGyNCWOAnJAMzEXVV9drYb0TXr42TTliLLhKIBvulgAXgtLLnwzGA=="
  "resolved" "https://registry.npmjs.org/is-what/-/is-what-4.1.8.tgz"
  "version" "4.1.8"

"js-tokens@^3.0.0 || ^4.0.0":
  "integrity" "sha512-RdJUflcE3cUzKiMqQgsCu06FPu9UdIJO0beYbPhHN4k6apgJtifcoCtT9bcxOpYBtpD2kCM6Sbzg4CausW/PKQ=="
  "resolved" "https://registry.npmjs.org/js-tokens/-/js-tokens-4.0.0.tgz"
  "version" "4.0.0"

"loose-envify@^1.1.0":
  "integrity" "sha512-lyuxPGr/Wfhrlem2CL/UcnUc1zcqKAImBDzukY7Y5F/yQiNdko6+fRLevlw1HgMySw7f611UIY408EtxRSoK3Q=="
  "resolved" "https://registry.npmjs.org/loose-envify/-/loose-envify-1.4.0.tgz"
  "version" "1.4.0"
  dependencies:
    "js-tokens" "^3.0.0 || ^4.0.0"

"react-dom@^16.8.0 || ^17.0.0 || ^18.0.0", "react-dom@>=16":
  "integrity" "sha512-6IMTriUmvsjHUjNtEDudZfuDQUoWXVxKHhlEGSk81n4YFS+r/Kl99wXiwlVXtPBtJenozv2P+hxDsw9eA7Xo6g=="
  "resolved" "https://registry.npmjs.org/react-dom/-/react-dom-18.2.0.tgz"
  "version" "18.2.0"
  dependencies:
    "loose-envify" "^1.1.0"
    "scheduler" "^0.23.0"

"react@^16.8.0 || ^17.0.0 || ^18.0.0", "react@^18.2.0", "react@>=16":
  "integrity" "sha512-/3IjMdb2L9QbBdWiW5e3P2/npwMBaU9mHCSCUzNln0ZCYbcfTsGbTJrU/kGemdH2IWmB2ioZ+zkxtmq6g09fGQ=="
  "resolved" "https://registry.npmjs.org/react/-/react-18.2.0.tgz"
  "version" "18.2.0"
  dependencies:
    "loose-envify" "^1.1.0"

"remove-accents@0.4.2":
  "integrity" "sha512-7pXIJqJOq5tFgG1A2Zxti3Ht8jJF337m4sowbuHsW30ZnkQFnDzy9qBNhgzX8ZLW4+UBcXiiR7SwR6pokHsxiA=="
  "resolved" "https://registry.npmjs.org/remove-accents/-/remove-accents-0.4.2.tgz"
  "version" "0.4.2"

"scheduler@^0.23.0":
  "integrity" "sha512-CtuThmgHNg7zIZWAXi3AsyIzA3n4xx7aNyjwC2VJldO2LMVDhFK+63xGqq6CsJH4rTAt6/M+N4GhZiDYPx9eUw=="
  "resolved" "https://registry.npmjs.org/scheduler/-/scheduler-0.23.0.tgz"
  "version" "0.23.0"
  dependencies:
    "loose-envify" "^1.1.0"

"superjson@^1.10.0":
  "integrity" "sha512-ugvUo9/WmvWOjstornQhsN/sR9mnGtWGYeTxFuqLb4AiT4QdUavjGFRALCPKWWnAiUJ4HTpytj5e0t5HoMRkXg=="
  "resolved" "https://registry.npmjs.org/superjson/-/superjson-1.12.2.tgz"
  "version" "1.12.2"
  dependencies:
    "copy-anything" "^3.0.2"

"use-sync-external-store@^1.2.0":
  "integrity" "sha512-eEgnFxGQ1Ife9bzYs6VLi8/4X6CObHMw9Qr9tPY43iKwsPw8xE8+EFsf/2cFZ5S3esXgpWgtSCtLNS41F+sKPA=="
  "resolved" "https://registry.npmjs.org/use-sync-external-store/-/use-sync-external-store-1.2.0.tgz"
  "version" "1.2.0"
